
Microsoft Visual Studio Solution File, Format Version 12.00
# Visual Studio Version 16
VisualStudioVersion = 16.0.30309.148
MinimumVisualStudioVersion = 10.0.40219.1
Project("{FAE04EC0-301F-11D3-BF4B-00C04F79EFBC}") = "Ex_NomsCiutats", "Ex_NomsCiutats.csproj", "{9EDF9E92-33ED-471E-937C-7269DFC6FAF6}"
EndProject
Global
	GlobalSection(SolutionConfigurationPlatforms) = preSolution
		Debug|Any CPU = Debug|Any CPU
		Release|Any CPU = Release|Any CPU
	EndGlobalSection
	GlobalSection(ProjectConfigurationPlatforms) = postSolution
		{9EDF9E92-33ED-471E-937C-7269DFC6FAF6}.Debug|Any CPU.ActiveCfg = Debug|Any CPU
		{9EDF9E92-33ED-471E-937C-7269DFC6FAF6}.Debug|Any CPU.Build.0 = Debug|Any CPU
		{9EDF9E92-33ED-471E-937C-7269DFC6FAF6}.Release|Any CPU.ActiveCfg = Release|Any CPU
		{9EDF9E92-33ED-471E-937C-7269DFC6FAF6}.Release|Any CPU.Build.0 = Release|Any CPU
	EndGlobalSection
	GlobalSection(SolutionProperties) = preSolution
		HideSolutionNode = FALSE
	EndGlobalSection
	GlobalSection(ExtensibilityGlobals) = postSolution
		SolutionGuid = {F4A938E8-AD84-4B86-A57D-4A2FEA3AB6F7}
	EndGlobalSection
EndGlobal
